
Microsoft Visual Studio Solution File, Format Version 12.00
# Visual Studio Version 17
VisualStudioVersion = 17.10.35027.167
MinimumVisualStudioVersion = 10.0.40219.1
Project("{FAE04EC0-301F-11D3-BF4B-00C04F79EFBC}") = "SchoolSystemTask", "SchoolSystemTask.csproj", "{44197221-27F1-438C-A916-B31B864B1ECD}"
EndProject
Global
	GlobalSection(SolutionConfigurationPlatforms) = preSolution
		Debug|Any CPU = Debug|Any CPU
		Release|Any CPU = Release|Any CPU
	EndGlobalSection
	GlobalSection(ProjectConfigurationPlatforms) = postSolution
		{44197221-27F1-438C-A916-B31B864B1ECD}.Debug|Any CPU.ActiveCfg = Debug|Any CPU
		{44197221-27F1-438C-A916-B31B864B1ECD}.Debug|Any CPU.Build.0 = Debug|Any CPU
		{44197221-27F1-438C-A916-B31B864B1ECD}.Release|Any CPU.ActiveCfg = Release|Any CPU
		{44197221-27F1-438C-A916-B31B864B1ECD}.Release|Any CPU.Build.0 = Release|Any CPU
	EndGlobalSection
	GlobalSection(SolutionProperties) = preSolution
		HideSolutionNode = FALSE
	EndGlobalSection
	GlobalSection(ExtensibilityGlobals) = postSolution
		SolutionGuid = {15657683-B11E-4B6D-824A-9684FB8C3A43}
	EndGlobalSection
EndGlobal
